
Microsoft Visual Studio Solution File, Format Version 11.00
# Visual Studio 2010
Project("{FAE04EC0-301F-11D3-BF4B-00C04F79EFBC}") = "Atdl4net", "Atdl4net\Atdl4net.csproj", "{A19BF662-8E6A-4AA0-ADAE-AC6446D16F29}"
EndProject
Project("{FAE04EC0-301F-11D3-BF4B-00C04F79EFBC}") = "Atdl4netDemo", "Atdl4netDemo\Atdl4netDemo.csproj", "{015E2D64-1620-479E-98E8-A585B765513B}"
EndProject
Global
	GlobalSection(TeamFoundationVersionControl) = preSolution
		SccNumberOfProjects = 3
		SccEnterpriseProvider = {4CA58AB2-18FA-4F8D-95D4-32DDF27D184C}
		SccTeamFoundationServer = http://ct-svr-01:8080/tfs/production
		SccProjectUniqueName0 = Atdl4net\\Atdl4net.csproj
		SccProjectName0 = Atdl4net
		SccLocalPath0 = Atdl4net
		SccLocalPath1 = .
		SccProjectUniqueName2 = Atdl4netDemo\\Atdl4netDemo.csproj
		SccProjectName2 = Atdl4netDemo
		SccLocalPath2 = Atdl4netDemo
	EndGlobalSection
	GlobalSection(SolutionConfigurationPlatforms) = preSolution
		Debug|Any CPU = Debug|Any CPU
		Debug|Mixed Platforms = Debug|Mixed Platforms
		Debug|x86 = Debug|x86
		Release|Any CPU = Release|Any CPU
		Release|Mixed Platforms = Release|Mixed Platforms
		Release|x86 = Release|x86
	EndGlobalSection
	GlobalSection(ProjectConfigurationPlatforms) = postSolution
		{A19BF662-8E6A-4AA0-ADAE-AC6446D16F29}.Debug|Any CPU.ActiveCfg = Debug|Any CPU
		{A19BF662-8E6A-4AA0-ADAE-AC6446D16F29}.Debug|Any CPU.Build.0 = Debug|Any CPU
		{A19BF662-8E6A-4AA0-ADAE-AC6446D16F29}.Debug|Mixed Platforms.ActiveCfg = Debug|Any CPU
		{A19BF662-8E6A-4AA0-ADAE-AC6446D16F29}.Debug|Mixed Platforms.Build.0 = Debug|Any CPU
		{A19BF662-8E6A-4AA0-ADAE-AC6446D16F29}.Debug|x86.ActiveCfg = Debug|Any CPU
		{A19BF662-8E6A-4AA0-ADAE-AC6446D16F29}.Release|Any CPU.ActiveCfg = Release|Any CPU
		{A19BF662-8E6A-4AA0-ADAE-AC6446D16F29}.Release|Any CPU.Build.0 = Release|Any CPU
		{A19BF662-8E6A-4AA0-ADAE-AC6446D16F29}.Release|Mixed Platforms.ActiveCfg = Release|Any CPU
		{A19BF662-8E6A-4AA0-ADAE-AC6446D16F29}.Release|Mixed Platforms.Build.0 = Release|Any CPU
		{A19BF662-8E6A-4AA0-ADAE-AC6446D16F29}.Release|x86.ActiveCfg = Release|Any CPU
		{015E2D64-1620-479E-98E8-A585B765513B}.Debug|Any CPU.ActiveCfg = Debug|x86
		{015E2D64-1620-479E-98E8-A585B765513B}.Debug|Mixed Platforms.ActiveCfg = Debug|x86
		{015E2D64-1620-479E-98E8-A585B765513B}.Debug|Mixed Platforms.Build.0 = Debug|x86
		{015E2D64-1620-479E-98E8-A585B765513B}.Debug|x86.ActiveCfg = Debug|x86
		{015E2D64-1620-479E-98E8-A585B765513B}.Debug|x86.Build.0 = Debug|x86
		{015E2D64-1620-479E-98E8-A585B765513B}.Release|Any CPU.ActiveCfg = Release|x86
		{015E2D64-1620-479E-98E8-A585B765513B}.Release|Mixed Platforms.ActiveCfg = Release|x86
		{015E2D64-1620-479E-98E8-A585B765513B}.Release|Mixed Platforms.Build.0 = Release|x86
		{015E2D64-1620-479E-98E8-A585B765513B}.Release|x86.ActiveCfg = Release|x86
		{015E2D64-1620-479E-98E8-A585B765513B}.Release|x86.Build.0 = Release|x86
	EndGlobalSection
	GlobalSection(SolutionProperties) = preSolution
		HideSolutionNode = FALSE
	EndGlobalSection
EndGlobal
