
Microsoft Visual Studio Solution File, Format Version 12.00
Project("{FAE04EC0-301F-11D3-BF4B-00C04F79EFBC}") = "FixAtdl", "FixAtdl\FixAtdl.csproj", "{D9044314-1E62-442B-A2E4-65F9940B0726}"
EndProject
Global
	GlobalSection(SolutionConfigurationPlatforms) = preSolution
		Debug|Any CPU = Debug|Any CPU
		Release|Any CPU = Release|Any CPU
	EndGlobalSection
	GlobalSection(ProjectConfigurationPlatforms) = postSolution
		{D9044314-1E62-442B-A2E4-65F9940B0726}.Debug|Any CPU.ActiveCfg = Debug|Any CPU
		{D9044314-1E62-442B-A2E4-65F9940B0726}.Debug|Any CPU.Build.0 = Debug|Any CPU
		{D9044314-1E62-442B-A2E4-65F9940B0726}.Release|Any CPU.ActiveCfg = Release|Any CPU
		{D9044314-1E62-442B-A2E4-65F9940B0726}.Release|Any CPU.Build.0 = Release|Any CPU
	EndGlobalSection
EndGlobal
